
Microsoft Visual Studio Solution File, Format Version 12.00
# Visual Studio Version 17
VisualStudioVersion = 17.0.31903.59
MinimumVisualStudioVersion = 10.0.40219.1
Project("{FAE04EC0-301F-11D3-BF4B-00C04F79EFBC}") = "UserService.Application", "UserService.Application\UserService.Application.csproj", "{0083C460-5812-4AAE-B375-9BB273DA7BB7}"
EndProject
Project("{FAE04EC0-301F-11D3-BF4B-00C04F79EFBC}") = "UserService.DataAccess", "UserService.DataAccess\UserService.DataAccess.csproj", "{D89B20DC-747F-4CBE-9245-56A03BA99B86}"
EndProject
Project("{FAE04EC0-301F-11D3-BF4B-00C04F79EFBC}") = "UserService.WebApi", "UserService.WebApi\UserService.WebApi.csproj", "{49DAA188-D080-4CCC-AD49-F7AAB26CD948}"
EndProject
Global
	GlobalSection(SolutionConfigurationPlatforms) = preSolution
		Debug|Any CPU = Debug|Any CPU
		Release|Any CPU = Release|Any CPU
	EndGlobalSection
	GlobalSection(SolutionProperties) = preSolution
		HideSolutionNode = FALSE
	EndGlobalSection
	GlobalSection(ProjectConfigurationPlatforms) = postSolution
		{0083C460-5812-4AAE-B375-9BB273DA7BB7}.Debug|Any CPU.ActiveCfg = Debug|Any CPU
		{0083C460-5812-4AAE-B375-9BB273DA7BB7}.Debug|Any CPU.Build.0 = Debug|Any CPU
		{0083C460-5812-4AAE-B375-9BB273DA7BB7}.Release|Any CPU.ActiveCfg = Release|Any CPU
		{0083C460-5812-4AAE-B375-9BB273DA7BB7}.Release|Any CPU.Build.0 = Release|Any CPU
		{D89B20DC-747F-4CBE-9245-56A03BA99B86}.Debug|Any CPU.ActiveCfg = Debug|Any CPU
		{D89B20DC-747F-4CBE-9245-56A03BA99B86}.Debug|Any CPU.Build.0 = Debug|Any CPU
		{D89B20DC-747F-4CBE-9245-56A03BA99B86}.Release|Any CPU.ActiveCfg = Release|Any CPU
		{D89B20DC-747F-4CBE-9245-56A03BA99B86}.Release|Any CPU.Build.0 = Release|Any CPU
		{49DAA188-D080-4CCC-AD49-F7AAB26CD948}.Debug|Any CPU.ActiveCfg = Debug|Any CPU
		{49DAA188-D080-4CCC-AD49-F7AAB26CD948}.Debug|Any CPU.Build.0 = Debug|Any CPU
		{49DAA188-D080-4CCC-AD49-F7AAB26CD948}.Release|Any CPU.ActiveCfg = Release|Any CPU
		{49DAA188-D080-4CCC-AD49-F7AAB26CD948}.Release|Any CPU.Build.0 = Release|Any CPU
	EndGlobalSection
EndGlobal
